
Microsoft Visual Studio Solution File, Format Version 12.00
# Visual Studio Version 16
VisualStudioVersion = 16.0.32228.343
MinimumVisualStudioVersion = 10.0.40219.1
Project("{FAE04EC0-301F-11D3-BF4B-00C04F79EFBC}") = "MVCAutod", "MVCAutod.csproj", "{67A21289-165C-4FD4-AAC5-A9FC8CDFD96E}"
EndProject
Global
	GlobalSection(SolutionConfigurationPlatforms) = preSolution
		Debug|Any CPU = Debug|Any CPU
		Release|Any CPU = Release|Any CPU
	EndGlobalSection
	GlobalSection(ProjectConfigurationPlatforms) = postSolution
		{67A21289-165C-4FD4-AAC5-A9FC8CDFD96E}.Debug|Any CPU.ActiveCfg = Debug|Any CPU
		{67A21289-165C-4FD4-AAC5-A9FC8CDFD96E}.Debug|Any CPU.Build.0 = Debug|Any CPU
		{67A21289-165C-4FD4-AAC5-A9FC8CDFD96E}.Release|Any CPU.ActiveCfg = Release|Any CPU
		{67A21289-165C-4FD4-AAC5-A9FC8CDFD96E}.Release|Any CPU.Build.0 = Release|Any CPU
	EndGlobalSection
	GlobalSection(SolutionProperties) = preSolution
		HideSolutionNode = FALSE
	EndGlobalSection
	GlobalSection(ExtensibilityGlobals) = postSolution
		SolutionGuid = {967C45C9-0FBF-429C-94BD-BBB017AAFDB1}
	EndGlobalSection
EndGlobal
